// !$*UTF8*$!
{
	archiveVersion = 1;
	classes = {
	};
	objectVersion = 56;
	objects = {

/* Begin PBXBuildFile section */
		696877142B17712300318B3E /* NavigationPathTestApp.swift in Sources */ = {isa = PBXBuildFile; fileRef = 696877132B17712300318B3E /* NavigationPathTestApp.swift */; };
		696877162B17712300318B3E /* ContentView.swift in Sources */ = {isa = PBXBuildFile; fileRef = 696877152B17712300318B3E /* ContentView.swift */; };
		696877182B17712300318B3E /* Assets.xcassets in Resources */ = {isa = PBXBuildFile; fileRef = 696877172B17712300318B3E /* Assets.xcassets */; };
		6968771B2B17712300318B3E /* Preview Assets.xcassets in Resources */ = {isa = PBXBuildFile; fileRef = 6968771A2B17712300318B3E /* Preview Assets.xcassets */; };
		696877252B17712300318B3E /* NavigationPathTestTests.swift in Sources */ = {isa = PBXBuildFile; fileRef = 696877242B17712300318B3E /* NavigationPathTestTests.swift */; };
		6968772F2B17712300318B3E /* NavigationPathTestUITests.swift in Sources */ = {isa = PBXBuildFile; fileRef = 6968772E2B17712300318B3E /* NavigationPathTestUITests.swift */; };
		696877312B17712300318B3E /* NavigationPathTestUITestsLaunchTests.swift in Sources */ = {isa = PBXBuildFile; fileRef = 696877302B17712300318B3E /* NavigationPathTestUITestsLaunchTests.swift */; };
		6968773F2B1AEF2B00318B3E /* NavigationPathTest2.swift in Sources */ = {isa = PBXBuildFile; fileRef = 6968773E2B1AEF2A00318B3E /* NavigationPathTest2.swift */; };
/* End PBXBuildFile section */

/* Begin PBXContainerItemProxy section */
		696877212B17712300318B3E /* PBXContainerItemProxy */ = {
			isa = PBXContainerItemProxy;
			containerPortal = 696877082B17712300318B3E /* Project object */;
			proxyType = 1;
			remoteGlobalIDString = 6968770F2B17712300318B3E;
			remoteInfo = NavigationPathTest;
		};
		6968772B2B17712300318B3E /* PBXContainerItemProxy */ = {
			isa = PBXContainerItemProxy;
			containerPortal = 696877082B17712300318B3E /* Project object */;
			proxyType = 1;
			remoteGlobalIDString = 6968770F2B17712300318B3E;
			remoteInfo = NavigationPathTest;
		};
/* End PBXContainerItemProxy section */

/* Begin PBXFileReference section */
		696877102B17712300318B3E /* NavigationPathTest.app */ = {isa = PBXFileReference; explicitFileType = wrapper.application; includeInIndex = 0; path = NavigationPathTest.app; sourceTree = BUILT_PRODUCTS_DIR; };
		696877132B17712300318B3E /* NavigationPathTestApp.swift */ = {isa = PBXFileReference; lastKnownFileType = sourcecode.swift; path = NavigationPathTestApp.swift; sourceTree = "<group>"; };
		696877152B17712300318B3E /* ContentView.swift */ = {isa = PBXFileReference; lastKnownFileType = sourcecode.swift; path = ContentView.swift; sourceTree = "<group>"; };
		696877172B17712300318B3E /* Assets.xcassets */ = {isa = PBXFileReference; lastKnownFileType = folder.assetcatalog; path = Assets.xcassets; sourceTree = "<group>"; };
		6968771A2B17712300318B3E /* Preview Assets.xcassets */ = {isa = PBXFileReference; lastKnownFileType = folder.assetcatalog; path = "Preview Assets.xcassets"; sourceTree = "<group>"; };
		696877202B17712300318B3E /* NavigationPathTestTests.xctest */ = {isa = PBXFileReference; explicitFileType = wrapper.cfbundle; includeInIndex = 0; path = NavigationPathTestTests.xctest; sourceTree = BUILT_PRODUCTS_DIR; };
		696877242B17712300318B3E /* NavigationPathTestTests.swift */ = {isa = PBXFileReference; lastKnownFileType = sourcecode.swift; path = NavigationPathTestTests.swift; sourceTree = "<group>"; };
		6968772A2B17712300318B3E /* NavigationPathTestUITests.xctest */ = {isa = PBXFileReference; explicitFileType = wrapper.cfbundle; includeInIndex = 0; path = NavigationPathTestUITests.xctest; sourceTree = BUILT_PRODUCTS_DIR; };
		6968772E2B17712300318B3E /* NavigationPathTestUITests.swift */ = {isa = PBXFileReference; lastKnownFileType = sourcecode.swift; path = NavigationPathTestUITests.swift; sourceTree = "<group>"; };
		696877302B17712300318B3E /* NavigationPathTestUITestsLaunchTests.swift */ = {isa = PBXFileReference; lastKnownFileType = sourcecode.swift; path = NavigationPathTestUITestsLaunchTests.swift; sourceTree = "<group>"; };
		6968773D2B18C53200318B3E /* MyPlayground.playground */ = {isa = PBXFileReference; lastKnownFileType = file.playground; path = MyPlayground.playground; sourceTree = "<group>"; xcLanguageSpecificationIdentifier = xcode.lang.swift; };
		6968773E2B1AEF2A00318B3E /* NavigationPathTest2.swift */ = {isa = PBXFileReference; lastKnownFileType = sourcecode.swift; path = NavigationPathTest2.swift; sourceTree = "<group>"; };
/* End PBXFileReference section */

/* Begin PBXFrameworksBuildPhase section */
		6968770D2B17712300318B3E /* Frameworks */ = {
			isa = PBXFrameworksBuildPhase;
			buildActionMask = 2147483647;
			files = (
			);
			runOnlyForDeploymentPostprocessing = 0;
		};
		6968771D2B17712300318B3E /* Frameworks */ = {
			isa = PBXFrameworksBuildPhase;
			buildActionMask = 2147483647;
			files = (
			);
			runOnlyForDeploymentPostprocessing = 0;
		};
		696877272B17712300318B3E /* Frameworks */ = {
			isa = PBXFrameworksBuildPhase;
			buildActionMask = 2147483647;
			files = (
			);
			runOnlyForDeploymentPostprocessing = 0;
		};
/* End PBXFrameworksBuildPhase section */

/* Begin PBXGroup section */
		696877072B17712300318B3E = {
			isa = PBXGroup;
			children = (
				696877122B17712300318B3E /* NavigationPathTest */,
				696877232B17712300318B3E /* NavigationPathTestTests */,
				6968772D2B17712300318B3E /* NavigationPathTestUITests */,
				696877112B17712300318B3E /* Products */,
			);
			sourceTree = "<group>";
		};
		696877112B17712300318B3E /* Products */ = {
			isa = PBXGroup;
			children = (
				696877102B17712300318B3E /* NavigationPathTest.app */,
				696877202B17712300318B3E /* NavigationPathTestTests.xctest */,
				6968772A2B17712300318B3E /* NavigationPathTestUITests.xctest */,
			);
			name = Products;
			sourceTree = "<group>";
		};
		696877122B17712300318B3E /* NavigationPathTest */ = {
			isa = PBXGroup;
			children = (
				696877132B17712300318B3E /* NavigationPathTestApp.swift */,
				696877152B17712300318B3E /* ContentView.swift */,
				6968773E2B1AEF2A00318B3E /* NavigationPathTest2.swift */,
				6968773D2B18C53200318B3E /* MyPlayground.playground */,
				696877172B17712300318B3E /* Assets.xcassets */,
				696877192B17712300318B3E /* Preview Content */,
			);
			path = NavigationPathTest;
			sourceTree = "<group>";
		};
		696877192B17712300318B3E /* Preview Content */ = {
			isa = PBXGroup;
			children = (
				6968771A2B17712300318B3E /* Preview Assets.xcassets */,
			);
			path = "Preview Content";
			sourceTree = "<group>";
		};
		696877232B17712300318B3E /* NavigationPathTestTests */ = {
			isa = PBXGroup;
			children = (
				696877242B17712300318B3E /* NavigationPathTestTests.swift */,
			);
			path = NavigationPathTestTests;
			sourceTree = "<group>";
		};
		6968772D2B17712300318B3E /* NavigationPathTestUITests */ = {
			isa = PBXGroup;
			children = (
				6968772E2B17712300318B3E /* NavigationPathTestUITests.swift */,
				696877302B17712300318B3E /* NavigationPathTestUITestsLaunchTests.swift */,
			);
			path = NavigationPathTestUITests;
			sourceTree = "<group>";
		};
/* End PBXGroup section */

/* Begin PBXNativeTarget section */
		6968770F2B17712300318B3E /* NavigationPathTest */ = {
			isa = PBXNativeTarget;
			buildConfigurationList = 696877342B17712300318B3E /* Build configuration list for PBXNativeTarget "NavigationPathTest" */;
			buildPhases = (
				6968770C2B17712300318B3E /* Sources */,
				6968770D2B17712300318B3E /* Frameworks */,
				6968770E2B17712300318B3E /* Resources */,
			);
			buildRules = (
			);
			dependencies = (
			);
			name = NavigationPathTest;
			productName = NavigationPathTest;
			productReference = 696877102B17712300318B3E /* NavigationPathTest.app */;
			productType = "com.apple.product-type.application";
		};
		6968771F2B17712300318B3E /* NavigationPathTestTests */ = {
			isa = PBXNativeTarget;
			buildConfigurationList = 696877372B17712300318B3E /* Build configuration list for PBXNativeTarget "NavigationPathTestTests" */;
			buildPhases = (
				6968771C2B17712300318B3E /* Sources */,
				6968771D2B17712300318B3E /* Frameworks */,
				6968771E2B17712300318B3E /* Resources */,
			);
			buildRules = (
			);
			dependencies = (
				696877222B17712300318B3E /* PBXTargetDependency */,
			);
			name = NavigationPathTestTests;
			productName = NavigationPathTestTests;
			productReference = 696877202B17712300318B3E /* NavigationPathTestTests.xctest */;
			productType = "com.apple.product-type.bundle.unit-test";
		};
		696877292B17712300318B3E /* NavigationPathTestUITests */ = {
			isa = PBXNativeTarget;
			buildConfigurationList = 6968773A2B17712300318B3E /* Build configuration list for PBXNativeTarget "NavigationPathTestUITests" */;
			buildPhases = (
				696877262B17712300318B3E /* Sources */,
				696877272B17712300318B3E /* Frameworks */,
				696877282B17712300318B3E /* Resources */,
			);
			buildRules = (
			);
			dependencies = (
				6968772C2B17712300318B3E /* PBXTargetDependency */,
			);
			name = NavigationPathTestUITests;
			productName = NavigationPathTestUITests;
			productReference = 6968772A2B17712300318B3E /* NavigationPathTestUITests.xctest */;
			productType = "com.apple.product-type.bundle.ui-testing";
		};
/* End PBXNativeTarget section */

/* Begin PBXProject section */
		696877082B17712300318B3E /* Project object */ = {
			isa = PBXProject;
			attributes = {
				BuildIndependentTargetsInParallel = 1;
				LastSwiftUpdateCheck = 1500;
				LastUpgradeCheck = 1500;
				TargetAttributes = {
					6968770F2B17712300318B3E = {
						CreatedOnToolsVersion = 15.0.1;
					};
					6968771F2B17712300318B3E = {
						CreatedOnToolsVersion = 15.0.1;
						TestTargetID = 6968770F2B17712300318B3E;
					};
					696877292B17712300318B3E = {
						CreatedOnToolsVersion = 15.0.1;
						TestTargetID = 6968770F2B17712300318B3E;
					};
				};
			};
			buildConfigurationList = 6968770B2B17712300318B3E /* Build configuration list for PBXProject "NavigationPathTest" */;
			compatibilityVersion = "Xcode 14.0";
			developmentRegion = en;
			hasScannedForEncodings = 0;
			knownRegions = (
				en,
				Base,
			);
			mainGroup = 696877072B17712300318B3E;
			productRefGroup = 696877112B17712300318B3E /* Products */;
			projectDirPath = "";
			projectRoot = "";
			targets = (
				6968770F2B17712300318B3E /* NavigationPathTest */,
				6968771F2B17712300318B3E /* NavigationPathTestTests */,
				696877292B17712300318B3E /* NavigationPathTestUITests */,
			);
		};
/* End PBXProject section */

/* Begin PBXResourcesBuildPhase section */
		6968770E2B17712300318B3E /* Resources */ = {
			isa = PBXResourcesBuildPhase;
			buildActionMask = 2147483647;
			files = (
				6968771B2B17712300318B3E /* Preview Assets.xcassets in Resources */,
				696877182B17712300318B3E /* Assets.xcassets in Resources */,
			);
			runOnlyForDeploymentPostprocessing = 0;
		};
		6968771E2B17712300318B3E /* Resources */ = {
			isa = PBXResourcesBuildPhase;
			buildActionMask = 2147483647;
			files = (
			);
			runOnlyForDeploymentPostprocessing = 0;
		};
		696877282B17712300318B3E /* Resources */ = {
			isa = PBXResourcesBuildPhase;
			buildActionMask = 2147483647;
			files = (
			);
			runOnlyForDeploymentPostprocessing = 0;
		};
/* End PBXResourcesBuildPhase section */

/* Begin PBXSourcesBuildPhase section */
		6968770C2B17712300318B3E /* Sources */ = {
			isa = PBXSourcesBuildPhase;
			buildActionMask = 2147483647;
			files = (
				6968773F2B1AEF2B00318B3E /* NavigationPathTest2.swift in Sources */,
				696877162B17712300318B3E /* ContentView.swift in Sources */,
				696877142B17712300318B3E /* NavigationPathTestApp.swift in Sources */,
			);
			runOnlyForDeploymentPostprocessing = 0;
		};
		6968771C2B17712300318B3E /* Sources */ = {
			isa = PBXSourcesBuildPhase;
			buildActionMask = 2147483647;
			files = (
				696877252B17712300318B3E /* NavigationPathTestTests.swift in Sources */,
			);
			runOnlyForDeploymentPostprocessing = 0;
		};
		696877262B17712300318B3E /* Sources */ = {
			isa = PBXSourcesBuildPhase;
			buildActionMask = 2147483647;
			files = (
				6968772F2B17712300318B3E /* NavigationPathTestUITests.swift in Sources */,
				696877312B17712300318B3E /* NavigationPathTestUITestsLaunchTests.swift in Sources */,
			);
			runOnlyForDeploymentPostprocessing = 0;
		};
/* End PBXSourcesBuildPhase section */

/* Begin PBXTargetDependency section */
		696877222B17712300318B3E /* PBXTargetDependency */ = {
			isa = PBXTargetDependency;
			target = 6968770F2B17712300318B3E /* NavigationPathTest */;
			targetProxy = 696877212B17712300318B3E /* PBXContainerItemProxy */;
		};
		6968772C2B17712300318B3E /* PBXTargetDependency */ = {
			isa = PBXTargetDependency;
			target = 6968770F2B17712300318B3E /* NavigationPathTest */;
			targetProxy = 6968772B2B17712300318B3E /* PBXContainerItemProxy */;
		};
/* End PBXTargetDependency section */

/* Begin XCBuildConfiguration section */
		696877322B17712300318B3E /* Debug */ = {
			isa = XCBuildConfiguration;
			buildSettings = {
				ALWAYS_SEARCH_USER_PATHS = NO;
				ASSETCATALOG_COMPILER_GENERATE_SWIFT_ASSET_SYMBOL_EXTENSIONS = YES;
				CLANG_ANALYZER_NONNULL = YES;
				CLANG_ANALYZER_NUMBER_OBJECT_CONVERSION = YES_AGGRESSIVE;
				CLANG_CXX_LANGUAGE_STANDARD = "gnu++20";
				CLANG_ENABLE_MODULES = YES;
				CLANG_ENABLE_OBJC_ARC = YES;
				CLANG_ENABLE_OBJC_WEAK = YES;
				CLANG_WARN_BLOCK_CAPTURE_AUTORELEASING = YES;
				CLANG_WARN_BOOL_CONVERSION = YES;
				CLANG_WARN_COMMA = YES;
				CLANG_WARN_CONSTANT_CONVERSION = YES;
				CLANG_WARN_DEPRECATED_OBJC_IMPLEMENTATIONS = YES;
				CLANG_WARN_DIRECT_OBJC_ISA_USAGE = YES_ERROR;
				CLANG_WARN_DOCUMENTATION_COMMENTS = YES;
				CLANG_WARN_EMPTY_BODY = YES;
				CLANG_WARN_ENUM_CONVERSION = YES;
				CLANG_WARN_INFINITE_RECURSION = YES;
				CLANG_WARN_INT_CONVERSION = YES;
				CLANG_WARN_NON_LITERAL_NULL_CONVERSION = YES;
				CLANG_WARN_OBJC_IMPLICIT_RETAIN_SELF = YES;
				CLANG_WARN_OBJC_LITERAL_CONVERSION = YES;
				CLANG_WARN_OBJC_ROOT_CLASS = YES_ERROR;
				CLANG_WARN_QUOTED_INCLUDE_IN_FRAMEWORK_HEADER = YES;
				CLANG_WARN_RANGE_LOOP_ANALYSIS = YES;
				CLANG_WARN_STRICT_PROTOTYPES = YES;
				CLANG_WARN_SUSPICIOUS_MOVE = YES;
				CLANG_WARN_UNGUARDED_AVAILABILITY = YES_AGGRESSIVE;
				CLANG_WARN_UNREACHABLE_CODE = YES;
				CLANG_WARN__DUPLICATE_METHOD_MATCH = YES;
				COPY_PHASE_STRIP = NO;
				DEBUG_INFORMATION_FORMAT = dwarf;
				ENABLE_STRICT_OBJC_MSGSEND = YES;
				ENABLE_TESTABILITY = YES;
				ENABLE_USER_SCRIPT_SANDBOXING = YES;
				GCC_C_LANGUAGE_STANDARD = gnu17;
				GCC_DYNAMIC_NO_PIC = NO;
				GCC_NO_COMMON_BLOCKS = YES;
				GCC_OPTIMIZATION_LEVEL = 0;
				GCC_PREPROCESSOR_DEFINITIONS = (
					"DEBUG=1",
					"$(inherited)",
				);
				GCC_WARN_64_TO_32_BIT_CONVERSION = YES;
				GCC_WARN_ABOUT_RETURN_TYPE = YES_ERROR;
				GCC_WARN_UNDECLARED_SELECTOR = YES;
				GCC_WARN_UNINITIALIZED_AUTOS = YES_AGGRESSIVE;
				GCC_WARN_UNUSED_FUNCTION = YES;
				GCC_WARN_UNUSED_VARIABLE = YES;
				IPHONEOS_DEPLOYMENT_TARGET = 17.0;
				LOCALIZATION_PREFERS_STRING_CATALOGS = YES;
				MTL_ENABLE_DEBUG_INFO = INCLUDE_SOURCE;
				MTL_FAST_MATH = YES;
				ONLY_ACTIVE_ARCH = YES;
				SDKROOT = iphoneos;
				SWIFT_ACTIVE_COMPILATION_CONDITIONS = "DEBUG $(inherited)";
				SWIFT_OPTIMIZATION_LEVEL = "-Onone";
			};
			name = Debug;
		};
		696877332B17712300318B3E /* Release */ = {
			isa = XCBuildConfiguration;
			buildSettings = {
				ALWAYS_SEARCH_USER_PATHS = NO;
				ASSETCATALOG_COMPILER_GENERATE_SWIFT_ASSET_SYMBOL_EXTENSIONS = YES;
				CLANG_ANALYZER_NONNULL = YES;
				CLANG_ANALYZER_NUMBER_OBJECT_CONVERSION = YES_AGGRESSIVE;
				CLANG_CXX_LANGUAGE_STANDARD = "gnu++20";
				CLANG_ENABLE_MODULES = YES;
				CLANG_ENABLE_OBJC_ARC = YES;
				CLANG_ENABLE_OBJC_WEAK = YES;
				CLANG_WARN_BLOCK_CAPTURE_AUTORELEASING = YES;
				CLANG_WARN_BOOL_CONVERSION = YES;
				CLANG_WARN_COMMA = YES;
				CLANG_WARN_CONSTANT_CONVERSION = YES;
				CLANG_WARN_DEPRECATED_OBJC_IMPLEMENTATIONS = YES;
				CLANG_WARN_DIRECT_OBJC_ISA_USAGE = YES_ERROR;
				CLANG_WARN_DOCUMENTATION_COMMENTS = YES;
				CLANG_WARN_EMPTY_BODY = YES;
				CLANG_WARN_ENUM_CONVERSION = YES;
				CLANG_WARN_INFINITE_RECURSION = YES;
				CLANG_WARN_INT_CONVERSION = YES;
				CLANG_WARN_NON_LITERAL_NULL_CONVERSION = YES;
				CLANG_WARN_OBJC_IMPLICIT_RETAIN_SELF = YES;
				CLANG_WARN_OBJC_LITERAL_CONVERSION = YES;
				CLANG_WARN_OBJC_ROOT_CLASS = YES_ERROR;
				CLANG_WARN_QUOTED_INCLUDE_IN_FRAMEWORK_HEADER = YES;
				CLANG_WARN_RANGE_LOOP_ANALYSIS = YES;
				CLANG_WARN_STRICT_PROTOTYPES = YES;
				CLANG_WARN_SUSPICIOUS_MOVE = YES;
				CLANG_WARN_UNGUARDED_AVAILABILITY = YES_AGGRESSIVE;
				CLANG_WARN_UNREACHABLE_CODE = YES;
				CLANG_WARN__DUPLICATE_METHOD_MATCH = YES;
				COPY_PHASE_STRIP = NO;
				DEBUG_INFORMATION_FORMAT = "dwarf-with-dsym";
				ENABLE_NS_ASSERTIONS = NO;
				ENABLE_STRICT_OBJC_MSGSEND = YES;
				ENABLE_USER_SCRIPT_SANDBOXING = YES;
				GCC_C_LANGUAGE_STANDARD = gnu17;
				GCC_NO_COMMON_BLOCKS = YES;
				GCC_WARN_64_TO_32_BIT_CONVERSION = YES;
				GCC_WARN_ABOUT_RETURN_TYPE = YES_ERROR;
				GCC_WARN_UNDECLARED_SELECTOR = YES;
				GCC_WARN_UNINITIALIZED_AUTOS = YES_AGGRESSIVE;
				GCC_WARN_UNUSED_FUNCTION = YES;
				GCC_WARN_UNUSED_VARIABLE = YES;
				IPHONEOS_DEPLOYMENT_TARGET = 17.0;
				LOCALIZATION_PREFERS_STRING_CATALOGS = YES;
				MTL_ENABLE_DEBUG_INFO = NO;
				MTL_FAST_MATH = YES;
				SDKROOT = iphoneos;
				SWIFT_COMPILATION_MODE = wholemodule;
				VALIDATE_PRODUCT = YES;
			};
			name = Release;
		};
		696877352B17712300318B3E /* Debug */ = {
			isa = XCBuildConfiguration;
			buildSettings = {
				ASSETCATALOG_COMPILER_APPICON_NAME = AppIcon;
				ASSETCATALOG_COMPILER_GLOBAL_ACCENT_COLOR_NAME = AccentColor;
				CODE_SIGN_STYLE = Automatic;
				CURRENT_PROJECT_VERSION = 1;
				DEVELOPMENT_ASSET_PATHS = "\"NavigationPathTest/Preview Content\"";
				DEVELOPMENT_TEAM = 6NMWZ48XL4;
				ENABLE_PREVIEWS = YES;
				GENERATE_INFOPLIST_FILE = YES;
				INFOPLIST_KEY_UIApplicationSceneManifest_Generation = YES;
				INFOPLIST_KEY_UIApplicationSupportsIndirectInputEvents = YES;
				INFOPLIST_KEY_UILaunchScreen_Generation = YES;
				INFOPLIST_KEY_UISupportedInterfaceOrientations_iPad = "UIInterfaceOrientationPortrait UIInterfaceOrientationPortraitUpsideDown UIInterfaceOrientationLandscapeLeft UIInterfaceOrientationLandscapeRight";
				INFOPLIST_KEY_UISupportedInterfaceOrientations_iPhone = "UIInterfaceOrientationPortrait UIInterfaceOrientationLandscapeLeft UIInterfaceOrientationLandscapeRight";
				LD_RUNPATH_SEARCH_PATHS = (
					"$(inherited)",
					"@executable_path/Frameworks",
				);
				MARKETING_VERSION = 1.0;
				PRODUCT_BUNDLE_IDENTIFIER = com.sako.NavigationPathTest;
				PRODUCT_NAME = "$(TARGET_NAME)";
				SWIFT_EMIT_LOC_STRINGS = YES;
				SWIFT_VERSION = 5.0;
				TARGETED_DEVICE_FAMILY = "1,2";
			};
			name = Debug;
		};
		696877362B17712300318B3E /* Release */ = {
			isa = XCBuildConfiguration;
			buildSettings = {
				ASSETCATALOG_COMPILER_APPICON_NAME = AppIcon;
				ASSETCATALOG_COMPILER_GLOBAL_ACCENT_COLOR_NAME = AccentColor;
				CODE_SIGN_STYLE = Automatic;
				CURRENT_PROJECT_VERSION = 1;
				DEVELOPMENT_ASSET_PATHS = "\"NavigationPathTest/Preview Content\"";
				DEVELOPMENT_TEAM = 6NMWZ48XL4;
				ENABLE_PREVIEWS = YES;
				GENERATE_INFOPLIST_FILE = YES;
				INFOPLIST_KEY_UIApplicationSceneManifest_Generation = YES;
				INFOPLIST_KEY_UIApplicationSupportsIndirectInputEvents = YES;
				INFOPLIST_KEY_UILaunchScreen_Generation = YES;
				INFOPLIST_KEY_UISupportedInterfaceOrientations_iPad = "UIInterfaceOrientationPortrait UIInterfaceOrientationPortraitUpsideDown UIInterfaceOrientationLandscapeLeft UIInterfaceOrientationLandscapeRight";
				INFOPLIST_KEY_UISupportedInterfaceOrientations_iPhone = "UIInterfaceOrientationPortrait UIInterfaceOrientationLandscapeLeft UIInterfaceOrientationLandscapeRight";
				LD_RUNPATH_SEARCH_PATHS = (
					"$(inherited)",
					"@executable_path/Frameworks",
				);
				MARKETING_VERSION = 1.0;
				PRODUCT_BUNDLE_IDENTIFIER = com.sako.NavigationPathTest;
				PRODUCT_NAME = "$(TARGET_NAME)";
				SWIFT_EMIT_LOC_STRINGS = YES;
				SWIFT_VERSION = 5.0;
				TARGETED_DEVICE_FAMILY = "1,2";
			};
			name = Release;
		};
		696877382B17712300318B3E /* Debug */ = {
			isa = XCBuildConfiguration;
			buildSettings = {
				ALWAYS_EMBED_SWIFT_STANDARD_LIBRARIES = YES;
				BUNDLE_LOADER = "$(TEST_HOST)";
				CODE_SIGN_STYLE = Automatic;
				CURRENT_PROJECT_VERSION = 1;
				DEVELOPMENT_TEAM = 6NMWZ48XL4;
				GENERATE_INFOPLIST_FILE = YES;
				IPHONEOS_DEPLOYMENT_TARGET = 17.0;
				MARKETING_VERSION = 1.0;
				PRODUCT_BUNDLE_IDENTIFIER = com.sako.NavigationPathTestTests;
				PRODUCT_NAME = "$(TARGET_NAME)";
				SWIFT_EMIT_LOC_STRINGS = NO;
				SWIFT_VERSION = 5.0;
				TARGETED_DEVICE_FAMILY = "1,2";
				TEST_HOST = "$(BUILT_PRODUCTS_DIR)/NavigationPathTest.app/$(BUNDLE_EXECUTABLE_FOLDER_PATH)/NavigationPathTest";
			};
			name = Debug;
		};
		696877392B17712300318B3E /* Release */ = {
			isa = XCBuildConfiguration;
			buildSettings = {
				ALWAYS_EMBED_SWIFT_STANDARD_LIBRARIES = YES;
				BUNDLE_LOADER = "$(TEST_HOST)";
				CODE_SIGN_STYLE = Automatic;
				CURRENT_PROJECT_VERSION = 1;
				DEVELOPMENT_TEAM = 6NMWZ48XL4;
				GENERATE_INFOPLIST_FILE = YES;
				IPHONEOS_DEPLOYMENT_TARGET = 17.0;
				MARKETING_VERSION = 1.0;
				PRODUCT_BUNDLE_IDENTIFIER = com.sako.NavigationPathTestTests;
				PRODUCT_NAME = "$(TARGET_NAME)";
				SWIFT_EMIT_LOC_STRINGS = NO;
				SWIFT_VERSION = 5.0;
				TARGETED_DEVICE_FAMILY = "1,2";
				TEST_HOST = "$(BUILT_PRODUCTS_DIR)/NavigationPathTest.app/$(BUNDLE_EXECUTABLE_FOLDER_PATH)/NavigationPathTest";
			};
			name = Release;
		};
		6968773B2B17712300318B3E /* Debug */ = {
			isa = XCBuildConfiguration;
			buildSettings = {
				ALWAYS_EMBED_SWIFT_STANDARD_LIBRARIES = YES;
				CODE_SIGN_STYLE = Automatic;
				CURRENT_PROJECT_VERSION = 1;
				DEVELOPMENT_TEAM = 6NMWZ48XL4;
				GENERATE_INFOPLIST_FILE = YES;
				MARKETING_VERSION = 1.0;
				PRODUCT_BUNDLE_IDENTIFIER = com.sako.NavigationPathTestUITests;
				PRODUCT_NAME = "$(TARGET_NAME)";
				SWIFT_EMIT_LOC_STRINGS = NO;
				SWIFT_VERSION = 5.0;
				TARGETED_DEVICE_FAMILY = "1,2";
				TEST_TARGET_NAME = NavigationPathTest;
			};
			name = Debug;
		};
		6968773C2B17712300318B3E /* Release */ = {
			isa = XCBuildConfiguration;
			buildSettings = {
				ALWAYS_EMBED_SWIFT_STANDARD_LIBRARIES = YES;
				CODE_SIGN_STYLE = Automatic;
				CURRENT_PROJECT_VERSION = 1;
				DEVELOPMENT_TEAM = 6NMWZ48XL4;
				GENERATE_INFOPLIST_FILE = YES;
				MARKETING_VERSION = 1.0;
				PRODUCT_BUNDLE_IDENTIFIER = com.sako.NavigationPathTestUITests;
				PRODUCT_NAME = "$(TARGET_NAME)";
				SWIFT_EMIT_LOC_STRINGS = NO;
				SWIFT_VERSION = 5.0;
				TARGETED_DEVICE_FAMILY = "1,2";
				TEST_TARGET_NAME = NavigationPathTest;
			};
			name = Release;
		};
/* End XCBuildConfiguration section */

/* Begin XCConfigurationList section */
		6968770B2B17712300318B3E /* Build configuration list for PBXProject "NavigationPathTest" */ = {
			isa = XCConfigurationList;
			buildConfigurations = (
				696877322B17712300318B3E /* Debug */,
				696877332B17712300318B3E /* Release */,
			);
			defaultConfigurationIsVisible = 0;
			defaultConfigurationName = Release;
		};
		696877342B17712300318B3E /* Build configuration list for PBXNativeTarget "NavigationPathTest" */ = {
			isa = XCConfigurationList;
			buildConfigurations = (
				696877352B17712300318B3E /* Debug */,
				696877362B17712300318B3E /* Release */,
			);
			defaultConfigurationIsVisible = 0;
			defaultConfigurationName = Release;
		};
		696877372B17712300318B3E /* Build configuration list for PBXNativeTarget "NavigationPathTestTests" */ = {
			isa = XCConfigurationList;
			buildConfigurations = (
				696877382B17712300318B3E /* Debug */,
				696877392B17712300318B3E /* Release */,
			);
			defaultConfigurationIsVisible = 0;
			defaultConfigurationName = Release;
		};
		6968773A2B17712300318B3E /* Build configuration list for PBXNativeTarget "NavigationPathTestUITests" */ = {
			isa = XCConfigurationList;
			buildConfigurations = (
				6968773B2B17712300318B3E /* Debug */,
				6968773C2B17712300318B3E /* Release */,
			);
			defaultConfigurationIsVisible = 0;
			defaultConfigurationName = Release;
		};
/* End XCConfigurationList section */
	};
	rootObject = 696877082B17712300318B3E /* Project object */;
}
